
Microsoft Visual Studio Solution File, Format Version 12.00
# Visual Studio Version 16
VisualStudioVersion = 25.0.1706.0
MinimumVisualStudioVersion = 10.0.40219.1
Project("{FAE04EC0-301F-11D3-BF4B-00C04F79EFBC}") = "AtikKutusuUygulama", "AtikKutusuUygulama.csproj", "{40232DEB-C701-43FB-AF8F-45369478FEA7}"
EndProject
Global
	GlobalSection(SolutionConfigurationPlatforms) = preSolution
		Debug|Any CPU = Debug|Any CPU
		Release|Any CPU = Release|Any CPU
	EndGlobalSection
	GlobalSection(ProjectConfigurationPlatforms) = postSolution
		{40232DEB-C701-43FB-AF8F-45369478FEA7}.Debug|Any CPU.ActiveCfg = Debug|Any CPU
		{40232DEB-C701-43FB-AF8F-45369478FEA7}.Debug|Any CPU.Build.0 = Debug|Any CPU
		{40232DEB-C701-43FB-AF8F-45369478FEA7}.Release|Any CPU.ActiveCfg = Release|Any CPU
		{40232DEB-C701-43FB-AF8F-45369478FEA7}.Release|Any CPU.Build.0 = Release|Any CPU
	EndGlobalSection
	GlobalSection(SolutionProperties) = preSolution
		HideSolutionNode = FALSE
	EndGlobalSection
	GlobalSection(ExtensibilityGlobals) = postSolution
		SolutionGuid = {88F28D65-621D-46F4-B482-8FDBC1078039}
	EndGlobalSection
EndGlobal
